
Microsoft Visual Studio Solution File, Format Version 12.00
# Visual Studio Version 17
VisualStudioVersion = 17.3.32929.385
MinimumVisualStudioVersion = 10.0.40219.1
Project("{FAE04EC0-301F-11D3-BF4B-00C04F79EFBC}") = "WebApplication4", "WebApplication4\WebApplication4.csproj", "{3A8810C8-8F2F-4F3D-B6AF-748B85989FBF}"
EndProject
Global
	GlobalSection(SolutionConfigurationPlatforms) = preSolution
		Debug|Any CPU = Debug|Any CPU
		Release|Any CPU = Release|Any CPU
	EndGlobalSection
	GlobalSection(ProjectConfigurationPlatforms) = postSolution
		{3A8810C8-8F2F-4F3D-B6AF-748B85989FBF}.Debug|Any CPU.ActiveCfg = Debug|Any CPU
		{3A8810C8-8F2F-4F3D-B6AF-748B85989FBF}.Debug|Any CPU.Build.0 = Debug|Any CPU
		{3A8810C8-8F2F-4F3D-B6AF-748B85989FBF}.Release|Any CPU.ActiveCfg = Release|Any CPU
		{3A8810C8-8F2F-4F3D-B6AF-748B85989FBF}.Release|Any CPU.Build.0 = Release|Any CPU
	EndGlobalSection
	GlobalSection(SolutionProperties) = preSolution
		HideSolutionNode = FALSE
	EndGlobalSection
	GlobalSection(ExtensibilityGlobals) = postSolution
		SolutionGuid = {5C30642C-C7AB-46C3-B35E-04B3200B524F}
	EndGlobalSection
EndGlobal
